
Microsoft Visual Studio Solution File, Format Version 12.00
# Visual Studio Version 17
VisualStudioVersion = 17.4.33205.214
MinimumVisualStudioVersion = 10.0.40219.1
Project("{6989167D-11E4-40FE-8C1A-2192A86A7E90}") = "Figure-6-6", "Figure-6-6\Figure-6-6.vfproj", "{6888D976-D891-4649-827B-1033E4F84F07}"
EndProject
Global
	GlobalSection(SolutionConfigurationPlatforms) = preSolution
		Debug|x64 = Debug|x64
		Debug|x86 = Debug|x86
		Release|x64 = Release|x64
		Release|x86 = Release|x86
	EndGlobalSection
	GlobalSection(ProjectConfigurationPlatforms) = postSolution
		{6888D976-D891-4649-827B-1033E4F84F07}.Debug|x64.ActiveCfg = Debug|x64
		{6888D976-D891-4649-827B-1033E4F84F07}.Debug|x64.Build.0 = Debug|x64
		{6888D976-D891-4649-827B-1033E4F84F07}.Debug|x86.ActiveCfg = Debug|Win32
		{6888D976-D891-4649-827B-1033E4F84F07}.Debug|x86.Build.0 = Debug|Win32
		{6888D976-D891-4649-827B-1033E4F84F07}.Release|x64.ActiveCfg = Release|x64
		{6888D976-D891-4649-827B-1033E4F84F07}.Release|x64.Build.0 = Release|x64
		{6888D976-D891-4649-827B-1033E4F84F07}.Release|x86.ActiveCfg = Release|Win32
		{6888D976-D891-4649-827B-1033E4F84F07}.Release|x86.Build.0 = Release|Win32
	EndGlobalSection
	GlobalSection(SolutionProperties) = preSolution
		HideSolutionNode = FALSE
	EndGlobalSection
	GlobalSection(ExtensibilityGlobals) = postSolution
		SolutionGuid = {B86FC1DD-09AC-41B2-8D62-5E104BC3F472}
	EndGlobalSection
EndGlobal
